speakeasyVersion: 1.800.1
sources:
    kintsugi-overlay:
        sourceNamespace: kintsugi-overlay
        sourceRevisionDigest: sha256:1849f172b9426057f87f48794422b357104212b26e36b5807e698c32e6c84f08
        sourceBlobDigest: sha256:18efe7d3b8a12b6c10ef1f70b7f84005b4fe626be84d3f6f8a736dbdbec0713b
        tags:
            - latest
            - 1.0.0
targets:
    ruby:
        source: kintsugi-overlay
        sourceNamespace: kintsugi-overlay
        sourceRevisionDigest: sha256:1849f172b9426057f87f48794422b357104212b26e36b5807e698c32e6c84f08
        sourceBlobDigest: sha256:18efe7d3b8a12b6c10ef1f70b7f84005b4fe626be84d3f6f8a736dbdbec0713b
        codeSamplesNamespace: kintsugi-overlay-ruby-code-samples
        codeSamplesRevisionDigest: sha256:b79b4e6ef2fb99ca4d9edef8802f475196de1e891a0ac2b71b4e4b2d7d0ee3b0
workflow:
    workflowVersion: 1.0.0
    speakeasyVersion: latest
    sources:
        kintsugi-overlay:
            inputs:
                - location: https://api-doc.trykintsugi.com/openapi.json
            overlays:
                - location: ./overlay.yaml
                - location: .speakeasy/speakeasy-modifications-overlay.yaml
            output: output.yaml
            registry:
                location: registry.speakeasyapi.dev/kintsugi-ai/tax-platform/kintsugi-overlay
    targets:
        ruby:
            target: ruby
            source: kintsugi-overlay
            publish:
                rubygems:
                    token: $rubygems_auth_token
            codeSamples:
                registry:
                    location: registry.speakeasyapi.dev/kintsugi-ai/tax-platform/kintsugi-overlay-ruby-code-samples
                labelOverride:
                    fixedValue: Ruby (SDK)
                blocking: false
