speakeasyVersion: 1.789.0
sources:
    kintsugi-overlay:
        sourceNamespace: kintsugi-overlay
        sourceRevisionDigest: sha256:fd5d96046d74b2f4296d1fa5ab5be76c173cb3d61b27984bba375de9ef5ef233
        sourceBlobDigest: sha256:126749d28787973095659293084ff06affeb15e636c82ce92b15bcd7954f80e7
        tags:
            - latest
            - 1.0.0
targets:
    ruby:
        source: kintsugi-overlay
        sourceNamespace: kintsugi-overlay
        sourceRevisionDigest: sha256:fd5d96046d74b2f4296d1fa5ab5be76c173cb3d61b27984bba375de9ef5ef233
        sourceBlobDigest: sha256:126749d28787973095659293084ff06affeb15e636c82ce92b15bcd7954f80e7
        codeSamplesNamespace: kintsugi-overlay-ruby-code-samples
        codeSamplesRevisionDigest: sha256:e8d8f3accb8253fc12b838ac1e7e975aad71d91464d8bc6f9c3c77a1920bc627
workflow:
    workflowVersion: 1.0.0
    speakeasyVersion: latest
    sources:
        kintsugi-overlay:
            inputs:
                - location: https://api-doc.trykintsugi.com/openapi.json
            overlays:
                - location: ./overlay.yaml
                - location: .speakeasy/speakeasy-modifications-overlay.yaml
            output: output.yaml
            registry:
                location: registry.speakeasyapi.dev/kintsugi-ai/tax-platform/kintsugi-overlay
    targets:
        ruby:
            target: ruby
            source: kintsugi-overlay
            publish:
                rubygems:
                    token: $rubygems_auth_token
            codeSamples:
                registry:
                    location: registry.speakeasyapi.dev/kintsugi-ai/tax-platform/kintsugi-overlay-ruby-code-samples
                labelOverride:
                    fixedValue: Ruby (SDK)
                blocking: false
